
Microsoft Visual Studio Solution File, Format Version 12.00
# Visual Studio Version 17
VisualStudioVersion = 17.7.34003.232
MinimumVisualStudioVersion = 10.0.40219.1
Project("{9A19103F-16F7-4668-BE54-9A1E7A4F7556}") = "BlueWolf.DataAccess", "BlueWolf.DataAccess\BlueWolf.DataAccess.csproj", "{A26A7FF0-3C06-441E-90D7-E0E3EF698E0B}"
EndProject
Project("{9A19103F-16F7-4668-BE54-9A1E7A4F7556}") = "BlueWolf.Models", "BlueWolf.Models\BlueWolf.Models.csproj", "{3D01EBDE-A0B6-445E-BAA7-7991463CD720}"
EndProject
Project("{9A19103F-16F7-4668-BE54-9A1E7A4F7556}") = "BlueWolf.Utilites", "BlueWolf.Utilites\BlueWolf.Utilites.csproj", "{B0612683-C236-4656-B2FB-39ACD1AB465B}"
EndProject
Project("{9A19103F-16F7-4668-BE54-9A1E7A4F7556}") = "BlueWolfApp", "BlueWolf\BlueWolfApp.csproj", "{12531EA3-13C9-4030-B801-65C65D361BDA}"
EndProject
Global
	GlobalSection(SolutionConfigurationPlatforms) = preSolution
		Debug|Any CPU = Debug|Any CPU
		Release|Any CPU = Release|Any CPU
	EndGlobalSection
	GlobalSection(ProjectConfigurationPlatforms) = postSolution
		{A26A7FF0-3C06-441E-90D7-E0E3EF698E0B}.Debug|Any CPU.ActiveCfg = Debug|Any CPU
		{A26A7FF0-3C06-441E-90D7-E0E3EF698E0B}.Debug|Any CPU.Build.0 = Debug|Any CPU
		{A26A7FF0-3C06-441E-90D7-E0E3EF698E0B}.Release|Any CPU.ActiveCfg = Release|Any CPU
		{A26A7FF0-3C06-441E-90D7-E0E3EF698E0B}.Release|Any CPU.Build.0 = Release|Any CPU
		{3D01EBDE-A0B6-445E-BAA7-7991463CD720}.Debug|Any CPU.ActiveCfg = Debug|Any CPU
		{3D01EBDE-A0B6-445E-BAA7-7991463CD720}.Debug|Any CPU.Build.0 = Debug|Any CPU
		{3D01EBDE-A0B6-445E-BAA7-7991463CD720}.Release|Any CPU.ActiveCfg = Release|Any CPU
		{3D01EBDE-A0B6-445E-BAA7-7991463CD720}.Release|Any CPU.Build.0 = Release|Any CPU
		{B0612683-C236-4656-B2FB-39ACD1AB465B}.Debug|Any CPU.ActiveCfg = Debug|Any CPU
		{B0612683-C236-4656-B2FB-39ACD1AB465B}.Debug|Any CPU.Build.0 = Debug|Any CPU
		{B0612683-C236-4656-B2FB-39ACD1AB465B}.Release|Any CPU.ActiveCfg = Release|Any CPU
		{B0612683-C236-4656-B2FB-39ACD1AB465B}.Release|Any CPU.Build.0 = Release|Any CPU
		{12531EA3-13C9-4030-B801-65C65D361BDA}.Debug|Any CPU.ActiveCfg = Debug|Any CPU
		{12531EA3-13C9-4030-B801-65C65D361BDA}.Debug|Any CPU.Build.0 = Debug|Any CPU
		{12531EA3-13C9-4030-B801-65C65D361BDA}.Release|Any CPU.ActiveCfg = Release|Any CPU
		{12531EA3-13C9-4030-B801-65C65D361BDA}.Release|Any CPU.Build.0 = Release|Any CPU
	EndGlobalSection
	GlobalSection(SolutionProperties) = preSolution
		HideSolutionNode = FALSE
	EndGlobalSection
	GlobalSection(ExtensibilityGlobals) = postSolution
		SolutionGuid = {3E9E214C-EEA4-4A32-8244-33DF32C2C4E5}
	EndGlobalSection
EndGlobal
